
Microsoft Visual Studio Solution File, Format Version 12.00
# Visual Studio Version 17
VisualStudioVersion = 17.14.37012.4 d17.14
MinimumVisualStudioVersion = 10.0.40219.1
Project("{FAE04EC0-301F-11D3-BF4B-00C04F79EFBC}") = "Barcoded Warehouse Stock Tracking", "Barcoded Warehouse Stock Tracking\Barcoded Warehouse Stock Tracking.csproj", "{3A3B335F-A45C-4D9B-AC05-27976D97A162}"
EndProject
Global
	GlobalSection(SolutionConfigurationPlatforms) = preSolution
		Debug|Any CPU = Debug|Any CPU
		Release|Any CPU = Release|Any CPU
	EndGlobalSection
	GlobalSection(ProjectConfigurationPlatforms) = postSolution
		{3A3B335F-A45C-4D9B-AC05-27976D97A162}.Debug|Any CPU.ActiveCfg = Debug|Any CPU
		{3A3B335F-A45C-4D9B-AC05-27976D97A162}.Debug|Any CPU.Build.0 = Debug|Any CPU
		{3A3B335F-A45C-4D9B-AC05-27976D97A162}.Release|Any CPU.ActiveCfg = Release|Any CPU
		{3A3B335F-A45C-4D9B-AC05-27976D97A162}.Release|Any CPU.Build.0 = Release|Any CPU
	EndGlobalSection
	GlobalSection(SolutionProperties) = preSolution
		HideSolutionNode = FALSE
	EndGlobalSection
	GlobalSection(ExtensibilityGlobals) = postSolution
		SolutionGuid = {B9323840-17F3-4305-9302-D31F84287929}
	EndGlobalSection
EndGlobal
